{
  "name": "online-test-platform",
  "lockfileVersion": 3,
  "requires": true,
  "packages": {
    "": {
      "dependencies": {
        "htmlspecialchars": "^1.0.5"
      }
    },
    "node_modules/htmlspecialchars": {
      "version": "1.0.5",
      "resolved": "https://registry.npmjs.org/htmlspecialchars/-/htmlspecialchars-1.0.5.tgz",
      "integrity": "sha512-gRSdRUTthlrkxtvTz3s98ly/OCU9guJTDm0EtQ5pMhmGYew5x/zwcDrt9KvEu+jy9bXNppAmzLzUTmCSJytNKQ=="
    }
  }
}
